PODS:
  - SwipeableTabBarController (0.1.0)

DEPENDENCIES:
  - SwipeableTabBarController (from `../`)

EXTERNAL SOURCES:
  SwipeableTabBarController:
    :path: ../

SPEC CHECKSUMS:
  SwipeableTabBarController: a272bf4c6db031651ea84ef52a3c8d70280d3954

PODFILE CHECKSUM: d3f307060c5f87973f664a4561212d2562d0cc25

COCOAPODS: 1.2.0
