PODS:
  - SwipeableTabBarController (0.1.2)

DEPENDENCIES:
  - SwipeableTabBarController (from `../`)

EXTERNAL SOURCES:
  SwipeableTabBarController:
    :path: ../

SPEC CHECKSUMS:
  SwipeableTabBarController: 8efa58048bc9103785cf8cacd786830956e4c633

PODFILE CHECKSUM: f67e1bb33d518210012c1afff09b6ff119d43a60

COCOAPODS: 1.2.0
