PODS:
  - SwiftLint (0.30.1)
  - SwipeableTabBarController (2.0.0)

DEPENDENCIES:
  - SwiftLint
  - SwipeableTabBarController (from `../`)

SPEC REPOS:
  https://github.com/cocoapods/specs.git:
    - SwiftLint

EXTERNAL SOURCES:
  SwipeableTabBarController:
    :path: "../"

SPEC CHECKSUMS:
  SwiftLint: a54bf1fe12b55c68560eb2a7689dfc81458508f7
  SwipeableTabBarController: 4706fcc25de25785c87a7d0b9ac63c056e79bda3

PODFILE CHECKSUM: 72d17bbfce5da15d134afbd642b0c8c35f2f971e

COCOAPODS: 1.6.0
